<Solution>
  <Folder Name="/src/">
    <Project Path="src/Terminal.Connection/Terminal.Connection.csproj" />
    <Project Path="src/Terminal.Control/Terminal.Control.csproj" />
    <Project Path="src/Terminal.Core/Terminal.Core.csproj" />
    <Project Path="src/Terminal.Ghostty/Terminal.Ghostty.csproj" />
    <Project Path="src/Terminal.Render/Terminal.Render.csproj" />
    <Project Path="src/Terminal.Settings/Terminal.Settings.csproj" />
    <Project Path="src/WindowsTerminal.Broker/WindowsTerminal.Broker.csproj" />
    <Project Path="src/WindowsTerminal.Cli/WindowsTerminal.Cli.csproj" />
    <Project Path="src/WindowsTerminal.App/WindowsTerminal.App.csproj" />
    <Project Path="src/WindowsTerminal.Interop/WindowsTerminal.Interop.csproj" />
    <Project Path="src/WindowsTerminal.Package/WindowsTerminal.Package.csproj" />
    <Project Path="src/WindowsTerminal.Settings/WindowsTerminal.Settings.csproj" />
    <Project Path="src/WindowsTerminal/WindowsTerminal.csproj" />
  </Folder>
  <Folder Name="/tests/">
    <Project Path="tests/Terminal.Connection.Tests/Terminal.Connection.Tests.csproj" />
    <Project Path="tests/Terminal.Control.Tests/Terminal.Control.Tests.csproj" />
    <Project Path="tests/Terminal.Core.Tests/Terminal.Core.Tests.csproj" />
    <Project Path="tests/Terminal.Ghostty.Tests/Terminal.Ghostty.Tests.csproj" />
    <Project Path="tests/Terminal.Render.Tests/Terminal.Render.Tests.csproj" />
    <Project Path="tests/Terminal.Settings.Tests/Terminal.Settings.Tests.csproj" />
    <Project Path="tests/WindowsTerminal.Broker.Tests/WindowsTerminal.Broker.Tests.csproj" />
    <Project Path="tests/WindowsTerminal.Cli.Tests/WindowsTerminal.Cli.Tests.csproj" />
    <Project Path="tests/WindowsTerminal.App.Tests/WindowsTerminal.App.Tests.csproj" />
    <Project Path="tests/WindowsTerminal.Compatibility.Tests/WindowsTerminal.Compatibility.Tests.csproj" />
    <Project Path="tests/WindowsTerminal.Settings.Tests/WindowsTerminal.Settings.Tests.csproj" />
    <Project Path="tests/WindowsTerminal.Package.Tests/WindowsTerminal.Package.Tests.csproj" />
    <Project Path="tests/WindowsTerminal.UI.Tests/WindowsTerminal.UI.Tests.csproj" />
  </Folder>
  <Folder Name="/tools/">
    <Project Path="tools/Terminal.PortInventory/Terminal.PortInventory.csproj" />
  </Folder>
</Solution>
